// !$*UTF8*$!
{
	archiveVersion = 1;
	classes = {
	};
	objectVersion = 77;
	objects = {

/* Begin PBXBuildFile section */
		A641812A2D87453000A1A365 /* FoodicsApp in Frameworks */ = {isa = PBXBuildFile; productRef = A64181292D87453000A1A365 /* FoodicsApp */; };
/* End PBXBuildFile section */

/* Begin PBXContainerItemProxy section */
		A64180FB2D873ABC00A1A365 /* PBXContainerItemProxy */ = {
			isa = PBXContainerItemProxy;
			containerPortal = A64180E22D873ABA00A1A365 /* Project object */;
			proxyType = 1;
			remoteGlobalIDString = A64180E92D873ABA00A1A365;
			remoteInfo = "foodics Task";
		};
		A64181052D873ABC00A1A365 /* PBXContainerItemProxy */ = {
			isa = PBXContainerItemProxy;
			containerPortal = A64180E22D873ABA00A1A365 /* Project object */;
			proxyType = 1;
			remoteGlobalIDString = A64180E92D873ABA00A1A365;
			remoteInfo = "foodics Task";
		};
/* End PBXContainerItemProxy section */

/* Begin PBXFileReference section */
		A64180EA2D873ABA00A1A365 /* foodics Task.app */ = {isa = PBXFileReference; explicitFileType = wrapper.application; includeInIndex = 0; path = "foodics Task.app"; sourceTree = BUILT_PRODUCTS_DIR; };
		A64180FA2D873ABC00A1A365 /* foodics TaskTests.xctest */ = {isa = PBXFileReference; explicitFileType = wrapper.cfbundle; includeInIndex = 0; path = "foodics TaskTests.xctest"; sourceTree = BUILT_PRODUCTS_DIR; };
		A64181042D873ABC00A1A365 /* foodics TaskUITests.xctest */ = {isa = PBXFileReference; explicitFileType = wrapper.cfbundle; includeInIndex = 0; path = "foodics TaskUITests.xctest"; sourceTree = BUILT_PRODUCTS_DIR; };
		A64181172D87431500A1A365 /* FoodicsApp */ = {isa = PBXFileReference; lastKnownFileType = wrapper; path = FoodicsApp; sourceTree = "<group>"; };
/* End PBXFileReference section */

/* Begin PBXFileSystemSynchronizedRootGroup section */
		A64180EC2D873ABA00A1A365 /* foodics Task */ = {
			isa = PBXFileSystemSynchronizedRootGroup;
			path = "foodics Task";
			sourceTree = "<group>";
		};
		A64180FD2D873ABC00A1A365 /* foodics TaskTests */ = {
			isa = PBXFileSystemSynchronizedRootGroup;
			path = "foodics TaskTests";
			sourceTree = "<group>";
		};
		A64181072D873ABC00A1A365 /* foodics TaskUITests */ = {
			isa = PBXFileSystemSynchronizedRootGroup;
			path = "foodics TaskUITests";
			sourceTree = "<group>";
		};
/* End PBXFileSystemSynchronizedRootGroup section */

/* Begin PBXFrameworksBuildPhase section */
		A64180E72D873ABA00A1A365 /* Frameworks */ = {
			isa = PBXFrameworksBuildPhase;
			buildActionMask = 2147483647;
			files = (
				A641812A2D87453000A1A365 /* FoodicsApp in Frameworks */,
			);
			runOnlyForDeploymentPostprocessing = 0;
		};
		A64180F72D873ABC00A1A365 /* Frameworks */ = {
			isa = PBXFrameworksBuildPhase;
			buildActionMask = 2147483647;
			files = (
			);
			runOnlyForDeploymentPostprocessing = 0;
		};
		A64181012D873ABC00A1A365 /* Frameworks */ = {
			isa = PBXFrameworksBuildPhase;
			buildActionMask = 2147483647;
			files = (
			);
			runOnlyForDeploymentPostprocessing = 0;
		};
/* End PBXFrameworksBuildPhase section */

/* Begin PBXGroup section */
		A64180E12D873ABA00A1A365 = {
			isa = PBXGroup;
			children = (
				A64181172D87431500A1A365 /* FoodicsApp */,
				A64180EC2D873ABA00A1A365 /* foodics Task */,
				A64180FD2D873ABC00A1A365 /* foodics TaskTests */,
				A64181072D873ABC00A1A365 /* foodics TaskUITests */,
				A64181282D87453000A1A365 /* Frameworks */,
				A64180EB2D873ABA00A1A365 /* Products */,
			);
			sourceTree = "<group>";
		};
		A64180EB2D873ABA00A1A365 /* Products */ = {
			isa = PBXGroup;
			children = (
				A64180EA2D873ABA00A1A365 /* foodics Task.app */,
				A64180FA2D873ABC00A1A365 /* foodics TaskTests.xctest */,
				A64181042D873ABC00A1A365 /* foodics TaskUITests.xctest */,
			);
			name = Products;
			sourceTree = "<group>";
		};
		A64181282D87453000A1A365 /* Frameworks */ = {
			isa = PBXGroup;
			children = (
			);
			name = Frameworks;
			sourceTree = "<group>";
		};
/* End PBXGroup section */

/* Begin PBXNativeTarget section */
		A64180E92D873ABA00A1A365 /* foodics Task */ = {
			isa = PBXNativeTarget;
			buildConfigurationList = A641810E2D873ABC00A1A365 /* Build configuration list for PBXNativeTarget "foodics Task" */;
			buildPhases = (
				A64180E62D873ABA00A1A365 /* Sources */,
				A64180E72D873ABA00A1A365 /* Frameworks */,
				A64180E82D873ABA00A1A365 /* Resources */,
			);
			buildRules = (
			);
			dependencies = (
			);
			fileSystemSynchronizedGroups = (
				A64180EC2D873ABA00A1A365 /* foodics Task */,
			);
			name = "foodics Task";
			packageProductDependencies = (
				A64181292D87453000A1A365 /* FoodicsApp */,
			);
			productName = "foodics Task";
			productReference = A64180EA2D873ABA00A1A365 /* foodics Task.app */;
			productType = "com.apple.product-type.application";
		};
		A64180F92D873ABC00A1A365 /* foodics TaskTests */ = {
			isa = PBXNativeTarget;
			buildConfigurationList = A64181112D873ABC00A1A365 /* Build configuration list for PBXNativeTarget "foodics TaskTests" */;
			buildPhases = (
				A64180F62D873ABC00A1A365 /* Sources */,
				A64180F72D873ABC00A1A365 /* Frameworks */,
				A64180F82D873ABC00A1A365 /* Resources */,
			);
			buildRules = (
			);
			dependencies = (
				A64180FC2D873ABC00A1A365 /* PBXTargetDependency */,
			);
			fileSystemSynchronizedGroups = (
				A64180FD2D873ABC00A1A365 /* foodics TaskTests */,
			);
			name = "foodics TaskTests";
			packageProductDependencies = (
			);
			productName = "foodics TaskTests";
			productReference = A64180FA2D873ABC00A1A365 /* foodics TaskTests.xctest */;
			productType = "com.apple.product-type.bundle.unit-test";
		};
		A64181032D873ABC00A1A365 /* foodics TaskUITests */ = {
			isa = PBXNativeTarget;
			buildConfigurationList = A64181142D873ABC00A1A365 /* Build configuration list for PBXNativeTarget "foodics TaskUITests" */;
			buildPhases = (
				A64181002D873ABC00A1A365 /* Sources */,
				A64181012D873ABC00A1A365 /* Frameworks */,
				A64181022D873ABC00A1A365 /* Resources */,
			);
			buildRules = (
			);
			dependencies = (
				A64181062D873ABC00A1A365 /* PBXTargetDependency */,
			);
			fileSystemSynchronizedGroups = (
				A64181072D873ABC00A1A365 /* foodics TaskUITests */,
			);
			name = "foodics TaskUITests";
			packageProductDependencies = (
			);
			productName = "foodics TaskUITests";
			productReference = A64181042D873ABC00A1A365 /* foodics TaskUITests.xctest */;
			productType = "com.apple.product-type.bundle.ui-testing";
		};
/* End PBXNativeTarget section */

/* Begin PBXProject section */
		A64180E22D873ABA00A1A365 /* Project object */ = {
			isa = PBXProject;
			attributes = {
				BuildIndependentTargetsInParallel = 1;
				LastSwiftUpdateCheck = 1620;
				LastUpgradeCheck = 1620;
				TargetAttributes = {
					A64180E92D873ABA00A1A365 = {
						CreatedOnToolsVersion = 16.2;
					};
					A64180F92D873ABC00A1A365 = {
						CreatedOnToolsVersion = 16.2;
						TestTargetID = A64180E92D873ABA00A1A365;
					};
					A64181032D873ABC00A1A365 = {
						CreatedOnToolsVersion = 16.2;
						TestTargetID = A64180E92D873ABA00A1A365;
					};
				};
			};
			buildConfigurationList = A64180E52D873ABA00A1A365 /* Build configuration list for PBXProject "foodics Task" */;
			developmentRegion = en;
			hasScannedForEncodings = 0;
			knownRegions = (
				en,
				Base,
			);
			mainGroup = A64180E12D873ABA00A1A365;
			minimizedProjectReferenceProxies = 1;
			preferredProjectObjectVersion = 77;
			productRefGroup = A64180EB2D873ABA00A1A365 /* Products */;
			projectDirPath = "";
			projectRoot = "";
			targets = (
				A64180E92D873ABA00A1A365 /* foodics Task */,
				A64180F92D873ABC00A1A365 /* foodics TaskTests */,
				A64181032D873ABC00A1A365 /* foodics TaskUITests */,
			);
		};
/* End PBXProject section */

/* Begin PBXResourcesBuildPhase section */
		A64180E82D873ABA00A1A365 /* Resources */ = {
			isa = PBXResourcesBuildPhase;
			buildActionMask = 2147483647;
			files = (
			);
			runOnlyForDeploymentPostprocessing = 0;
		};
		A64180F82D873ABC00A1A365 /* Resources */ = {
			isa = PBXResourcesBuildPhase;
			buildActionMask = 2147483647;
			files = (
			);
			runOnlyForDeploymentPostprocessing = 0;
		};
		A64181022D873ABC00A1A365 /* Resources */ = {
			isa = PBXResourcesBuildPhase;
			buildActionMask = 2147483647;
			files = (
			);
			runOnlyForDeploymentPostprocessing = 0;
		};
/* End PBXResourcesBuildPhase section */

/* Begin PBXSourcesBuildPhase section */
		A64180E62D873ABA00A1A365 /* Sources */ = {
			isa = PBXSourcesBuildPhase;
			buildActionMask = 2147483647;
			files = (
			);
			runOnlyForDeploymentPostprocessing = 0;
		};
		A64180F62D873ABC00A1A365 /* Sources */ = {
			isa = PBXSourcesBuildPhase;
			buildActionMask = 2147483647;
			files = (
			);
			runOnlyForDeploymentPostprocessing = 0;
		};
		A64181002D873ABC00A1A365 /* Sources */ = {
			isa = PBXSourcesBuildPhase;
			buildActionMask = 2147483647;
			files = (
			);
			runOnlyForDeploymentPostprocessing = 0;
		};
/* End PBXSourcesBuildPhase section */

/* Begin PBXTargetDependency section */
		A64180FC2D873ABC00A1A365 /* PBXTargetDependency */ = {
			isa = PBXTargetDependency;
			target = A64180E92D873ABA00A1A365 /* foodics Task */;
			targetProxy = A64180FB2D873ABC00A1A365 /* PBXContainerItemProxy */;
		};
		A64181062D873ABC00A1A365 /* PBXTargetDependency */ = {
			isa = PBXTargetDependency;
			target = A64180E92D873ABA00A1A365 /* foodics Task */;
			targetProxy = A64181052D873ABC00A1A365 /* PBXContainerItemProxy */;
		};
/* End PBXTargetDependency section */

/* Begin XCBuildConfiguration section */
		A641810C2D873ABC00A1A365 /* Debug */ = {
			isa = XCBuildConfiguration;
			buildSettings = {
				ALWAYS_SEARCH_USER_PATHS = NO;
				ASSETCATALOG_COMPILER_GENERATE_SWIFT_ASSET_SYMBOL_EXTENSIONS = YES;
				CLANG_ANALYZER_NONNULL = YES;
				CLANG_ANALYZER_NUMBER_OBJECT_CONVERSION = YES_AGGRESSIVE;
				CLANG_CXX_LANGUAGE_STANDARD = "gnu++20";
				CLANG_ENABLE_MODULES = YES;
				CLANG_ENABLE_OBJC_ARC = YES;
				CLANG_ENABLE_OBJC_WEAK = YES;
				CLANG_WARN_BLOCK_CAPTURE_AUTORELEASING = YES;
				CLANG_WARN_BOOL_CONVERSION = YES;
				CLANG_WARN_COMMA = YES;
				CLANG_WARN_CONSTANT_CONVERSION = YES;
				CLANG_WARN_DEPRECATED_OBJC_IMPLEMENTATIONS = YES;
				CLANG_WARN_DIRECT_OBJC_ISA_USAGE = YES_ERROR;
				CLANG_WARN_DOCUMENTATION_COMMENTS = YES;
				CLANG_WARN_EMPTY_BODY = YES;
				CLANG_WARN_ENUM_CONVERSION = YES;
				CLANG_WARN_INFINITE_RECURSION = YES;
				CLANG_WARN_INT_CONVERSION = YES;
				CLANG_WARN_NON_LITERAL_NULL_CONVERSION = YES;
				CLANG_WARN_OBJC_IMPLICIT_RETAIN_SELF = YES;
				CLANG_WARN_OBJC_LITERAL_CONVERSION = YES;
				CLANG_WARN_OBJC_ROOT_CLASS = YES_ERROR;
				CLANG_WARN_QUOTED_INCLUDE_IN_FRAMEWORK_HEADER = YES;
				CLANG_WARN_RANGE_LOOP_ANALYSIS = YES;
				CLANG_WARN_STRICT_PROTOTYPES = YES;
				CLANG_WARN_SUSPICIOUS_MOVE = YES;
				CLANG_WARN_UNGUARDED_AVAILABILITY = YES_AGGRESSIVE;
				CLANG_WARN_UNREACHABLE_CODE = YES;
				CLANG_WARN__DUPLICATE_METHOD_MATCH = YES;
				COPY_PHASE_STRIP = NO;
				DEBUG_INFORMATION_FORMAT = dwarf;
				ENABLE_STRICT_OBJC_MSGSEND = YES;
				ENABLE_TESTABILITY = YES;
				ENABLE_USER_SCRIPT_SANDBOXING = YES;
				GCC_C_LANGUAGE_STANDARD = gnu17;
				GCC_DYNAMIC_NO_PIC = NO;
				GCC_NO_COMMON_BLOCKS = YES;
				GCC_OPTIMIZATION_LEVEL = 0;
				GCC_PREPROCESSOR_DEFINITIONS = (
					"DEBUG=1",
					"$(inherited)",
				);
				GCC_WARN_64_TO_32_BIT_CONVERSION = YES;
				GCC_WARN_ABOUT_RETURN_TYPE = YES_ERROR;
				GCC_WARN_UNDECLARED_SELECTOR = YES;
				GCC_WARN_UNINITIALIZED_AUTOS = YES_AGGRESSIVE;
				GCC_WARN_UNUSED_FUNCTION = YES;
				GCC_WARN_UNUSED_VARIABLE = YES;
				IPHONEOS_DEPLOYMENT_TARGET = 18.2;
				LOCALIZATION_PREFERS_STRING_CATALOGS = YES;
				MTL_ENABLE_DEBUG_INFO = INCLUDE_SOURCE;
				MTL_FAST_MATH = YES;
				ONLY_ACTIVE_ARCH = YES;
				SDKROOT = iphoneos;
				SWIFT_ACTIVE_COMPILATION_CONDITIONS = "DEBUG $(inherited)";
				SWIFT_OPTIMIZATION_LEVEL = "-Onone";
			};
			name = Debug;
		};
		A641810D2D873ABC00A1A365 /* Release */ = {
			isa = XCBuildConfiguration;
			buildSettings = {
				ALWAYS_SEARCH_USER_PATHS = NO;
				ASSETCATALOG_COMPILER_GENERATE_SWIFT_ASSET_SYMBOL_EXTENSIONS = YES;
				CLANG_ANALYZER_NONNULL = YES;
				CLANG_ANALYZER_NUMBER_OBJECT_CONVERSION = YES_AGGRESSIVE;
				CLANG_CXX_LANGUAGE_STANDARD = "gnu++20";
				CLANG_ENABLE_MODULES = YES;
				CLANG_ENABLE_OBJC_ARC = YES;
				CLANG_ENABLE_OBJC_WEAK = YES;
				CLANG_WARN_BLOCK_CAPTURE_AUTORELEASING = YES;
				CLANG_WARN_BOOL_CONVERSION = YES;
				CLANG_WARN_COMMA = YES;
				CLANG_WARN_CONSTANT_CONVERSION = YES;
				CLANG_WARN_DEPRECATED_OBJC_IMPLEMENTATIONS = YES;
				CLANG_WARN_DIRECT_OBJC_ISA_USAGE = YES_ERROR;
				CLANG_WARN_DOCUMENTATION_COMMENTS = YES;
				CLANG_WARN_EMPTY_BODY = YES;
				CLANG_WARN_ENUM_CONVERSION = YES;
				CLANG_WARN_INFINITE_RECURSION = YES;
				CLANG_WARN_INT_CONVERSION = YES;
				CLANG_WARN_NON_LITERAL_NULL_CONVERSION = YES;
				CLANG_WARN_OBJC_IMPLICIT_RETAIN_SELF = YES;
				CLANG_WARN_OBJC_LITERAL_CONVERSION = YES;
				CLANG_WARN_OBJC_ROOT_CLASS = YES_ERROR;
				CLANG_WARN_QUOTED_INCLUDE_IN_FRAMEWORK_HEADER = YES;
				CLANG_WARN_RANGE_LOOP_ANALYSIS = YES;
				CLANG_WARN_STRICT_PROTOTYPES = YES;
				CLANG_WARN_SUSPICIOUS_MOVE = YES;
				CLANG_WARN_UNGUARDED_AVAILABILITY = YES_AGGRESSIVE;
				CLANG_WARN_UNREACHABLE_CODE = YES;
				CLANG_WARN__DUPLICATE_METHOD_MATCH = YES;
				COPY_PHASE_STRIP = NO;
				DEBUG_INFORMATION_FORMAT = "dwarf-with-dsym";
				ENABLE_NS_ASSERTIONS = NO;
				ENABLE_STRICT_OBJC_MSGSEND = YES;
				ENABLE_USER_SCRIPT_SANDBOXING = YES;
				GCC_C_LANGUAGE_STANDARD = gnu17;
				GCC_NO_COMMON_BLOCKS = YES;
				GCC_WARN_64_TO_32_BIT_CONVERSION = YES;
				GCC_WARN_ABOUT_RETURN_TYPE = YES_ERROR;
				GCC_WARN_UNDECLARED_SELECTOR = YES;
				GCC_WARN_UNINITIALIZED_AUTOS = YES_AGGRESSIVE;
				GCC_WARN_UNUSED_FUNCTION = YES;
				GCC_WARN_UNUSED_VARIABLE = YES;
				IPHONEOS_DEPLOYMENT_TARGET = 18.2;
				LOCALIZATION_PREFERS_STRING_CATALOGS = YES;
				MTL_ENABLE_DEBUG_INFO = NO;
				MTL_FAST_MATH = YES;
				SDKROOT = iphoneos;
				SWIFT_COMPILATION_MODE = wholemodule;
				VALIDATE_PRODUCT = YES;
			};
			name = Release;
		};
		A641810F2D873ABC00A1A365 /* Debug */ = {
			isa = XCBuildConfiguration;
			buildSettings = {
				ASSETCATALOG_COMPILER_APPICON_NAME = AppIcon;
				ASSETCATALOG_COMPILER_GLOBAL_ACCENT_COLOR_NAME = AccentColor;
				CODE_SIGN_STYLE = Automatic;
				CURRENT_PROJECT_VERSION = 1;
				DEVELOPMENT_ASSET_PATHS = "\"foodics Task/Preview Content\"";
				DEVELOPMENT_TEAM = K4EFQERVV4;
				ENABLE_PREVIEWS = YES;
				GENERATE_INFOPLIST_FILE = YES;
				INFOPLIST_FILE = "foodics-Task-Info.plist";
				INFOPLIST_KEY_UIApplicationSceneManifest_Generation = YES;
				INFOPLIST_KEY_UIApplicationSupportsIndirectInputEvents = YES;
				INFOPLIST_KEY_UILaunchScreen_Generation = YES;
				INFOPLIST_KEY_UISupportedInterfaceOrientations_iPad = "UIInterfaceOrientationPortrait UIInterfaceOrientationPortraitUpsideDown UIInterfaceOrientationLandscapeLeft UIInterfaceOrientationLandscapeRight";
				INFOPLIST_KEY_UISupportedInterfaceOrientations_iPhone = "UIInterfaceOrientationPortrait UIInterfaceOrientationLandscapeLeft UIInterfaceOrientationLandscapeRight";
				LD_RUNPATH_SEARCH_PATHS = (
					"$(inherited)",
					"@executable_path/Frameworks",
				);
				MARKETING_VERSION = 1.0;
				PRODUCT_BUNDLE_IDENTIFIER = "com.foodics.Task.foodics-Task";
				PRODUCT_NAME = "$(TARGET_NAME)";
				SWIFT_EMIT_LOC_STRINGS = YES;
				SWIFT_STRICT_CONCURRENCY = minimal;
				SWIFT_VERSION = 5.0;
				TARGETED_DEVICE_FAMILY = "1,2";
			};
			name = Debug;
		};
		A64181102D873ABC00A1A365 /* Release */ = {
			isa = XCBuildConfiguration;
			buildSettings = {
				ASSETCATALOG_COMPILER_APPICON_NAME = AppIcon;
				ASSETCATALOG_COMPILER_GLOBAL_ACCENT_COLOR_NAME = AccentColor;
				CODE_SIGN_STYLE = Automatic;
				CURRENT_PROJECT_VERSION = 1;
				DEVELOPMENT_ASSET_PATHS = "\"foodics Task/Preview Content\"";
				DEVELOPMENT_TEAM = K4EFQERVV4;
				ENABLE_PREVIEWS = YES;
				GENERATE_INFOPLIST_FILE = YES;
				INFOPLIST_FILE = "foodics-Task-Info.plist";
				INFOPLIST_KEY_UIApplicationSceneManifest_Generation = YES;
				INFOPLIST_KEY_UIApplicationSupportsIndirectInputEvents = YES;
				INFOPLIST_KEY_UILaunchScreen_Generation = YES;
				INFOPLIST_KEY_UISupportedInterfaceOrientations_iPad = "UIInterfaceOrientationPortrait UIInterfaceOrientationPortraitUpsideDown UIInterfaceOrientationLandscapeLeft UIInterfaceOrientationLandscapeRight";
				INFOPLIST_KEY_UISupportedInterfaceOrientations_iPhone = "UIInterfaceOrientationPortrait UIInterfaceOrientationLandscapeLeft UIInterfaceOrientationLandscapeRight";
				LD_RUNPATH_SEARCH_PATHS = (
					"$(inherited)",
					"@executable_path/Frameworks",
				);
				MARKETING_VERSION = 1.0;
				PRODUCT_BUNDLE_IDENTIFIER = "com.foodics.Task.foodics-Task";
				PRODUCT_NAME = "$(TARGET_NAME)";
				SWIFT_EMIT_LOC_STRINGS = YES;
				SWIFT_STRICT_CONCURRENCY = minimal;
				SWIFT_VERSION = 5.0;
				TARGETED_DEVICE_FAMILY = "1,2";
			};
			name = Release;
		};
		A64181122D873ABC00A1A365 /* Debug */ = {
			isa = XCBuildConfiguration;
			buildSettings = {
				BUNDLE_LOADER = "$(TEST_HOST)";
				CODE_SIGN_STYLE = Automatic;
				CURRENT_PROJECT_VERSION = 1;
				DEVELOPMENT_TEAM = K4EFQERVV4;
				GENERATE_INFOPLIST_FILE = YES;
				IPHONEOS_DEPLOYMENT_TARGET = 18.2;
				MARKETING_VERSION = 1.0;
				PRODUCT_BUNDLE_IDENTIFIER = "com.foodics.Task.foodics-TaskTests";
				PRODUCT_NAME = "$(TARGET_NAME)";
				SWIFT_EMIT_LOC_STRINGS = NO;
				SWIFT_VERSION = 5.0;
				TARGETED_DEVICE_FAMILY = "1,2";
				TEST_HOST = "$(BUILT_PRODUCTS_DIR)/foodics Task.app/$(BUNDLE_EXECUTABLE_FOLDER_PATH)/foodics Task";
			};
			name = Debug;
		};
		A64181132D873ABC00A1A365 /* Release */ = {
			isa = XCBuildConfiguration;
			buildSettings = {
				BUNDLE_LOADER = "$(TEST_HOST)";
				CODE_SIGN_STYLE = Automatic;
				CURRENT_PROJECT_VERSION = 1;
				DEVELOPMENT_TEAM = K4EFQERVV4;
				GENERATE_INFOPLIST_FILE = YES;
				IPHONEOS_DEPLOYMENT_TARGET = 18.2;
				MARKETING_VERSION = 1.0;
				PRODUCT_BUNDLE_IDENTIFIER = "com.foodics.Task.foodics-TaskTests";
				PRODUCT_NAME = "$(TARGET_NAME)";
				SWIFT_EMIT_LOC_STRINGS = NO;
				SWIFT_VERSION = 5.0;
				TARGETED_DEVICE_FAMILY = "1,2";
				TEST_HOST = "$(BUILT_PRODUCTS_DIR)/foodics Task.app/$(BUNDLE_EXECUTABLE_FOLDER_PATH)/foodics Task";
			};
			name = Release;
		};
		A64181152D873ABC00A1A365 /* Debug */ = {
			isa = XCBuildConfiguration;
			buildSettings = {
				CODE_SIGN_STYLE = Automatic;
				CURRENT_PROJECT_VERSION = 1;
				DEVELOPMENT_TEAM = K4EFQERVV4;
				GENERATE_INFOPLIST_FILE = YES;
				MARKETING_VERSION = 1.0;
				PRODUCT_BUNDLE_IDENTIFIER = "com.foodics.Task.foodics-TaskUITests";
				PRODUCT_NAME = "$(TARGET_NAME)";
				SWIFT_EMIT_LOC_STRINGS = NO;
				SWIFT_VERSION = 5.0;
				TARGETED_DEVICE_FAMILY = "1,2";
				TEST_TARGET_NAME = "foodics Task";
			};
			name = Debug;
		};
		A64181162D873ABC00A1A365 /* Release */ = {
			isa = XCBuildConfiguration;
			buildSettings = {
				CODE_SIGN_STYLE = Automatic;
				CURRENT_PROJECT_VERSION = 1;
				DEVELOPMENT_TEAM = K4EFQERVV4;
				GENERATE_INFOPLIST_FILE = YES;
				MARKETING_VERSION = 1.0;
				PRODUCT_BUNDLE_IDENTIFIER = "com.foodics.Task.foodics-TaskUITests";
				PRODUCT_NAME = "$(TARGET_NAME)";
				SWIFT_EMIT_LOC_STRINGS = NO;
				SWIFT_VERSION = 5.0;
				TARGETED_DEVICE_FAMILY = "1,2";
				TEST_TARGET_NAME = "foodics Task";
			};
			name = Release;
		};
/* End XCBuildConfiguration section */

/* Begin XCConfigurationList section */
		A64180E52D873ABA00A1A365 /* Build configuration list for PBXProject "foodics Task" */ = {
			isa = XCConfigurationList;
			buildConfigurations = (
				A641810C2D873ABC00A1A365 /* Debug */,
				A641810D2D873ABC00A1A365 /* Release */,
			);
			defaultConfigurationIsVisible = 0;
			defaultConfigurationName = Release;
		};
		A641810E2D873ABC00A1A365 /* Build configuration list for PBXNativeTarget "foodics Task" */ = {
			isa = XCConfigurationList;
			buildConfigurations = (
				A641810F2D873ABC00A1A365 /* Debug */,
				A64181102D873ABC00A1A365 /* Release */,
			);
			defaultConfigurationIsVisible = 0;
			defaultConfigurationName = Release;
		};
		A64181112D873ABC00A1A365 /* Build configuration list for PBXNativeTarget "foodics TaskTests" */ = {
			isa = XCConfigurationList;
			buildConfigurations = (
				A64181122D873ABC00A1A365 /* Debug */,
				A64181132D873ABC00A1A365 /* Release */,
			);
			defaultConfigurationIsVisible = 0;
			defaultConfigurationName = Release;
		};
		A64181142D873ABC00A1A365 /* Build configuration list for PBXNativeTarget "foodics TaskUITests" */ = {
			isa = XCConfigurationList;
			buildConfigurations = (
				A64181152D873ABC00A1A365 /* Debug */,
				A64181162D873ABC00A1A365 /* Release */,
			);
			defaultConfigurationIsVisible = 0;
			defaultConfigurationName = Release;
		};
/* End XCConfigurationList section */

/* Begin XCSwiftPackageProductDependency section */
		A64181292D87453000A1A365 /* FoodicsApp */ = {
			isa = XCSwiftPackageProductDependency;
			productName = FoodicsApp;
		};
/* End XCSwiftPackageProductDependency section */
	};
	rootObject = A64180E22D873ABA00A1A365 /* Project object */;
}
